
Microsoft Visual Studio Solution File, Format Version 12.00
# Visual Studio Version 17
VisualStudioVersion = 17.3.32929.385
MinimumVisualStudioVersion = 10.0.40219.1
Project("{FAE04EC0-301F-11D3-BF4B-00C04F79EFBC}") = "GI-AssetHasher", "GI-AssetHasher\GI-AssetHasher.csproj", "{A5F1AA4B-7606-44AB-9737-C5FDF048F531}"
EndProject
Global
	GlobalSection(SolutionConfigurationPlatforms) = preSolution
		Debug|Any CPU = Debug|Any CPU
		Release|Any CPU = Release|Any CPU
	EndGlobalSection
	GlobalSection(ProjectConfigurationPlatforms) = postSolution
		{A5F1AA4B-7606-44AB-9737-C5FDF048F531}.Debug|Any CPU.ActiveCfg = Debug|Any CPU
		{A5F1AA4B-7606-44AB-9737-C5FDF048F531}.Debug|Any CPU.Build.0 = Debug|Any CPU
		{A5F1AA4B-7606-44AB-9737-C5FDF048F531}.Release|Any CPU.ActiveCfg = Release|Any CPU
		{A5F1AA4B-7606-44AB-9737-C5FDF048F531}.Release|Any CPU.Build.0 = Release|Any CPU
	EndGlobalSection
	GlobalSection(SolutionProperties) = preSolution
		HideSolutionNode = FALSE
	EndGlobalSection
	GlobalSection(ExtensibilityGlobals) = postSolution
		SolutionGuid = {4F62BC05-EAD5-468B-8F14-9A984791D9AD}
	EndGlobalSection
EndGlobal
